uuid: f09ec361-5835-4c5d-b2e5-65c57254a20a
langcode: en
status: true
dependencies:
  config:
    - field.storage.commerce_product_variation.field_image
    - image.style.thumbnail
  module:
    - commerce_order
    - commerce_price
    - commerce_product
    - image
    - options
id: orders_block
label: "Orders Block"
module: views
description: ""
tag: ""
base_table: commerce_order
base_field: order_id
display:
  default:
    id: default
    display_title: Default
    display_plugin: default
    position: 0
    display_options:
      title: "Orders Block"
      fields:
        field_image:
          id: field_image
          table: commerce_product_variation__field_image
          field: field_image
          relationship: commerce_product_variation
          group_type: group
          admin_label: ""
          plugin_id: field
          label: Image
          exclude: false
          alter:
            alter_text: false
            text: ""
            make_link: false
            path: ""
            absolute: false
            external: false
            replace_spaces: false
            path_case: none
            trim_whitespace: false
            alt: ""
            rel: ""
            link_class: ""
            prefix: ""
            suffix: ""
            target: ""
            nl2br: false
            max_length: 0
            word_boundary: true
            ellipsis: true
            more_link: false
            more_link_text: ""
            more_link_path: ""
            strip_tags: false
            trim: false
            preserve_tags: ""
            html: false
          element_type: ""
          element_class: ""
          element_label_type: ""
          element_label_class: ""
          element_label_colon: false
          element_wrapper_type: ""
          element_wrapper_class: ""
          element_default_classes: true
          empty: ""
          hide_empty: false
          empty_zero: false
          hide_alter_empty: true
          click_sort_column: target_id
          type: image
          settings:
            image_link: ""
            image_style: thumbnail
            image_loading:
              attribute: lazy
          group_column: ""
          group_columns: {}
          group_rows: true
          delta_limit: 0
          delta_offset: 0
          delta_reversed: false
          delta_first_last: false
          multi_type: separator
          separator: ", "
          field_api_classes: false
        product_id:
          id: product_id
          table: commerce_product_variation_field_data
          field: product_id
          relationship: commerce_product_variation
          group_type: group
          admin_label: ""
          entity_type: commerce_product_variation
          entity_field: product_id
          plugin_id: field
          label: Title
          exclude: false
          alter:
            alter_text: false
            text: ""
            make_link: false
            path: ""
            absolute: false
            external: false
            replace_spaces: false
            path_case: none
            trim_whitespace: false
            alt: ""
            rel: ""
            link_class: ""
            prefix: ""
            suffix: ""
            target: ""
            nl2br: false
            max_length: 0
            word_boundary: true
            ellipsis: true
            more_link: false
            more_link_text: ""
            more_link_path: ""
            strip_tags: false
            trim: false
            preserve_tags: ""
            html: false
          element_type: ""
          element_class: ""
          element_label_type: ""
          element_label_class: ""
          element_label_colon: false
          element_wrapper_type: ""
          element_wrapper_class: ""
          element_default_classes: true
          empty: ""
          hide_empty: false
          empty_zero: false
          hide_alter_empty: true
          click_sort_column: target_id
          type: entity_reference_label
          settings:
            link: false
          group_column: target_id
          group_columns: {}
          group_rows: true
          delta_limit: 0
          delta_offset: 0
          delta_reversed: false
          delta_first_last: false
          multi_type: separator
          separator: ", "
          field_api_classes: false
        total_price__number:
          id: total_price__number
          table: commerce_order
          field: total_price__number
          relationship: none
          group_type: group
          admin_label: ""
          entity_type: commerce_order
          entity_field: total_price
          plugin_id: field
          label: Price
          exclude: false
          alter:
            alter_text: false
            text: ""
            make_link: false
            path: ""
            absolute: false
            external: false
            replace_spaces: false
            path_case: none
            trim_whitespace: false
            alt: ""
            rel: ""
            link_class: ""
            prefix: ""
            suffix: ""
            target: ""
            nl2br: false
            max_length: 0
            word_boundary: true
            ellipsis: true
            more_link: false
            more_link_text: ""
            more_link_path: ""
            strip_tags: false
            trim: false
            preserve_tags: ""
            html: false
          element_type: ""
          element_class: ""
          element_label_type: ""
          element_label_class: ""
          element_label_colon: false
          element_wrapper_type: ""
          element_wrapper_class: ""
          element_default_classes: true
          empty: ""
          hide_empty: false
          empty_zero: false
          hide_alter_empty: true
          click_sort_column: number
          type: commerce_price_default
          settings:
            strip_trailing_zeroes: false
            currency_display: symbol
          group_column: ""
          group_columns: {}
          group_rows: true
          delta_limit: 0
          delta_offset: 0
          delta_reversed: false
          delta_first_last: false
          multi_type: separator
          separator: ", "
          field_api_classes: false
        state:
          id: state
          table: commerce_order
          field: state
          relationship: none
          group_type: group
          admin_label: ""
          entity_type: commerce_order
          entity_field: state
          plugin_id: field
          label: Status
          exclude: false
          alter:
            alter_text: false
            text: ""
            make_link: false
            path: ""
            absolute: false
            external: false
            replace_spaces: false
            path_case: none
            trim_whitespace: false
            alt: ""
            rel: ""
            link_class: ""
            prefix: ""
            suffix: ""
            target: ""
            nl2br: false
            max_length: 0
            word_boundary: true
            ellipsis: true
            more_link: false
            more_link_text: ""
            more_link_path: ""
            strip_tags: false
            trim: false
            preserve_tags: ""
            html: false
          element_type: ""
          element_class: ""
          element_label_type: ""
          element_label_class: ""
          element_label_colon: false
          element_wrapper_type: ""
          element_wrapper_class: ""
          element_default_classes: true
          empty: ""
          hide_empty: false
          empty_zero: false
          hide_alter_empty: true
          click_sort_column: value
          type: list_default
          settings: {}
          group_column: value
          group_columns: {}
          group_rows: true
          delta_limit: 0
          delta_offset: 0
          delta_reversed: false
          delta_first_last: false
          multi_type: separator
          separator: ", "
          field_api_classes: false
      pager:
        type: some
        options:
          offset: 0
          items_per_page: 5
      exposed_form:
        type: basic
        options:
          submit_button: Apply
          reset_button: false
          reset_button_label: Reset
          exposed_sorts_label: "Sort by"
          expose_sort_order: true
          sort_asc_label: Asc
          sort_desc_label: Desc
      access:
        type: none
        options: {}
      cache:
        type: tag
        options: {}
      empty: {}
      sorts: {}
      arguments: {}
      filters: {}
      style:
        type: table
        options:
          grouping: {}
          row_class: ""
          default_row_class: true
          columns:
            field_image: field_image
            product_id: product_id
            total_price__number: total_price__number
            state: state
          default: "-1"
          info:
            field_image:
              align: ""
              separator: ""
              empty_column: false
              responsive: ""
            product_id:
              sortable: false
              default_sort_order: asc
              align: ""
              separator: ""
              empty_column: false
              responsive: ""
            total_price__number:
              sortable: false
              default_sort_order: asc
              align: ""
              separator: ""
              empty_column: false
              responsive: ""
            state:
              sortable: false
              default_sort_order: asc
              align: ""
              separator: ""
              empty_column: false
              responsive: ""
          override: true
          sticky: false
          summary: ""
          empty_table: false
          caption: ""
          description: ""
      row:
        type: fields
      query:
        type: views_query
        options:
          query_comment: ""
          disable_sql_rewrite: false
          distinct: false
          replica: false
          query_tags: {}
      relationships:
        order_items_target_id:
          id: order_items_target_id
          table: commerce_order__order_items
          field: order_items_target_id
          relationship: none
          group_type: group
          admin_label: "Order item"
          entity_type: commerce_order
          entity_field: order_items
          plugin_id: standard
          required: true
        commerce_product_variation:
          id: commerce_product_variation
          table: commerce_order_item
          field: commerce_product_variation
          relationship: order_items_target_id
          group_type: group
          admin_label: "Product variation"
          entity_type: commerce_order_item
          plugin_id: standard
          required: true
      use_ajax: true
      header: {}
      footer: {}
      display_extenders: {}
    cache_metadata:
      max-age: -1
      contexts:
        - "languages:language_content"
        - "languages:language_interface"
      tags:
        - "config:field.storage.commerce_product_variation.field_image"
  block_1:
    id: block_1
    display_title: Block
    display_plugin: block
    position: 1
    display_options:
      display_extenders: {}
    cache_metadata:
      max-age: -1
      contexts:
        - "languages:language_content"
        - "languages:language_interface"
      tags:
        - "config:field.storage.commerce_product_variation.field_image"
